
Microsoft Visual Studio Solution File, Format Version 12.00
# Visual Studio Version 17
VisualStudioVersion = 17.11.35327.3
MinimumVisualStudioVersion = 10.0.40219.1
Project("{9A19103F-16F7-4668-BE54-9A1E7A4F7556}") = "BoxBoxApi", "BoxBoxApi.csproj", "{D42AB5E8-B732-4375-A3C9-101281D745C6}"
EndProject
Global
	GlobalSection(SolutionConfigurationPlatforms) = preSolution
		Debug|Any CPU = Debug|Any CPU
		Release|Any CPU = Release|Any CPU
	EndGlobalSection
	GlobalSection(ProjectConfigurationPlatforms) = postSolution
		{D42AB5E8-B732-4375-A3C9-101281D745C6}.Debug|Any CPU.ActiveCfg = Debug|Any CPU
		{D42AB5E8-B732-4375-A3C9-101281D745C6}.Debug|Any CPU.Build.0 = Debug|Any CPU
		{D42AB5E8-B732-4375-A3C9-101281D745C6}.Release|Any CPU.ActiveCfg = Release|Any CPU
		{D42AB5E8-B732-4375-A3C9-101281D745C6}.Release|Any CPU.Build.0 = Release|Any CPU
	EndGlobalSection
	GlobalSection(SolutionProperties) = preSolution
		HideSolutionNode = FALSE
	EndGlobalSection
	GlobalSection(ExtensibilityGlobals) = postSolution
		SolutionGuid = {57475F84-C7D7-4BBE-AC63-78A833196338}
	EndGlobalSection
EndGlobal
